
Microsoft Visual Studio Solution File, Format Version 12.00
# Visual Studio 15
VisualStudioVersion = 15.0.27428.2037
MinimumVisualStudioVersion = 10.0.40219.1
Project("{FAE04EC0-301F-11D3-BF4B-00C04F79EFBC}") = "WhatIsMyIp", "WhatIsMyIp\WhatIsMyIp.csproj", "{0AA100B4-C9E4-4FD8-B2E1-E93C692B054B}"
EndProject
Global
	GlobalSection(SolutionConfigurationPlatforms) = preSolution
		Debug|Any CPU = Debug|Any CPU
		Debug|x64 = Debug|x64
		Release|Any CPU = Release|Any CPU
		Release|x64 = Release|x64
	EndGlobalSection
	GlobalSection(ProjectConfigurationPlatforms) = postSolution
		{0AA100B4-C9E4-4FD8-B2E1-E93C692B054B}.Debug|Any CPU.ActiveCfg = Debug|Any CPU
		{0AA100B4-C9E4-4FD8-B2E1-E93C692B054B}.Debug|Any CPU.Build.0 = Debug|Any CPU
		{0AA100B4-C9E4-4FD8-B2E1-E93C692B054B}.Debug|x64.ActiveCfg = Debug|x64
		{0AA100B4-C9E4-4FD8-B2E1-E93C692B054B}.Debug|x64.Build.0 = Debug|x64
		{0AA100B4-C9E4-4FD8-B2E1-E93C692B054B}.Release|Any CPU.ActiveCfg = Release|Any CPU
		{0AA100B4-C9E4-4FD8-B2E1-E93C692B054B}.Release|Any CPU.Build.0 = Release|Any CPU
		{0AA100B4-C9E4-4FD8-B2E1-E93C692B054B}.Release|x64.ActiveCfg = Release|x64
		{0AA100B4-C9E4-4FD8-B2E1-E93C692B054B}.Release|x64.Build.0 = Release|x64
	EndGlobalSection
	GlobalSection(SolutionProperties) = preSolution
		HideSolutionNode = FALSE
	EndGlobalSection
	GlobalSection(ExtensibilityGlobals) = postSolution
		SolutionGuid = {E9E9DDC5-6653-485E-BE1A-6D9E37B0AED3}
	EndGlobalSection
EndGlobal
